
Microsoft Visual Studio Solution File, Format Version 12.00
# Visual Studio Version 16
VisualStudioVersion = 16.0.29209.152
MinimumVisualStudioVersion = 10.0.40219.1
Project("{FAE04EC0-301F-11D3-BF4B-00C04F79EFBC}") = "DEBUG", "DEBUG\DEBUG.csproj", "{F2709BC7-354B-47B9-87D2-512F0CB830D4}"
EndProject
Global
	GlobalSection(SolutionConfigurationPlatforms) = preSolution
		Debug|Any CPU = Debug|Any CPU
		Release|Any CPU = Release|Any CPU
	EndGlobalSection
	GlobalSection(ProjectConfigurationPlatforms) = postSolution
		{F2709BC7-354B-47B9-87D2-512F0CB830D4}.Debug|Any CPU.ActiveCfg = Debug|Any CPU
		{F2709BC7-354B-47B9-87D2-512F0CB830D4}.Debug|Any CPU.Build.0 = Debug|Any CPU
		{F2709BC7-354B-47B9-87D2-512F0CB830D4}.Release|Any CPU.ActiveCfg = Release|Any CPU
		{F2709BC7-354B-47B9-87D2-512F0CB830D4}.Release|Any CPU.Build.0 = Release|Any CPU
	EndGlobalSection
	GlobalSection(SolutionProperties) = preSolution
		HideSolutionNode = FALSE
	EndGlobalSection
	GlobalSection(ExtensibilityGlobals) = postSolution
		SolutionGuid = {71DCBB62-328F-48E3-8A33-B82FA3D20642}
	EndGlobalSection
EndGlobal
